
Microsoft Visual Studio Solution File, Format Version 12.00
# Visual Studio 15
VisualStudioVersion = 15.0.25807.0
MinimumVisualStudioVersion = 10.0.40219.1
Project("{2150E333-8FDC-42A3-9474-1A3956D46DE8}") = "Engine", "Engine", "{2FC71EF0-CD87-43AF-96CB-9DE696A653A0}"
EndProject
Project("{2150E333-8FDC-42A3-9474-1A3956D46DE8}") = "Games", "Games", "{C1186924-4099-4010-A7D5-F10AD987C317}"
EndProject
Project("{8BC9CEB8-8B4A-11D0-8D11-00A0C91BC942}") = "UE4", "Intermediate\ProjectFiles\UE4.vcxproj", "{C514E47F-C562-4151-BF35-6360390C0F6A}"
EndProject
Project("{8BC9CEB8-8B4A-11D0-8D11-00A0C91BC942}") = "BuildingEscape", "Intermediate\ProjectFiles\BuildingEscape.vcxproj", "{2B772805-A045-4C5C-AD6D-8E67BC617EE5}"
EndProject
Project("{2150E333-8FDC-42A3-9474-1A3956D46DE8}") = "Visualizers", "Visualizers", "{397BF426-B48A-41B3-95E7-D846B396222B}"
	ProjectSection(SolutionItems) = preProject
		..\..\..\..\..\..\..\Program Files\Epic Games\UE_4.21\Engine\Extras\VisualStudioDebugging\UE4.natvis = ..\..\..\..\..\..\..\Program Files\Epic Games\UE_4.21\Engine\Extras\VisualStudioDebugging\UE4.natvis
	EndProjectSection
EndProject
Global
	GlobalSection(SolutionConfigurationPlatforms) = preSolution
		DebugGame Editor|HTML5 = DebugGame Editor|HTML5
		DebugGame Editor|IOS = DebugGame Editor|IOS
		DebugGame Editor|Win32 = DebugGame Editor|Win32
		DebugGame Editor|Win64 = DebugGame Editor|Win64
		DebugGame|HTML5 = DebugGame|HTML5
		DebugGame|IOS = DebugGame|IOS
		DebugGame|Win32 = DebugGame|Win32
		DebugGame|Win64 = DebugGame|Win64
		Development Editor|HTML5 = Development Editor|HTML5
		Development Editor|IOS = Development Editor|IOS
		Development Editor|Win32 = Development Editor|Win32
		Development Editor|Win64 = Development Editor|Win64
		Development|HTML5 = Development|HTML5
		Development|IOS = Development|IOS
		Development|Win32 = Development|Win32
		Development|Win64 = Development|Win64
		Shipping|HTML5 = Shipping|HTML5
		Shipping|IOS = Shipping|IOS
		Shipping|Win32 = Shipping|Win32
		Shipping|Win64 = Shipping|Win64
	EndGlobalSection
	GlobalSection(ProjectConfigurationPlatforms) = postSolution
		{C514E47F-C562-4151-BF35-6360390C0F6A}.DebugGame Editor|HTML5.ActiveCfg = BuiltWithUnrealBuildTool|Win32
		{C514E47F-C562-4151-BF35-6360390C0F6A}.DebugGame Editor|IOS.ActiveCfg = BuiltWithUnrealBuildTool|Win32
		{C514E47F-C562-4151-BF35-6360390C0F6A}.DebugGame Editor|Win32.ActiveCfg = BuiltWithUnrealBuildTool|Win32
		{C514E47F-C562-4151-BF35-6360390C0F6A}.DebugGame Editor|Win64.ActiveCfg = BuiltWithUnrealBuildTool|Win32
		{C514E47F-C562-4151-BF35-6360390C0F6A}.DebugGame|HTML5.ActiveCfg = BuiltWithUnrealBuildTool|Win32
		{C514E47F-C562-4151-BF35-6360390C0F6A}.DebugGame|IOS.ActiveCfg = BuiltWithUnrealBuildTool|Win32
		{C514E47F-C562-4151-BF35-6360390C0F6A}.DebugGame|Win32.ActiveCfg = BuiltWithUnrealBuildTool|Win32
		{C514E47F-C562-4151-BF35-6360390C0F6A}.DebugGame|Win64.ActiveCfg = BuiltWithUnrealBuildTool|Win32
		{C514E47F-C562-4151-BF35-6360390C0F6A}.Development Editor|HTML5.ActiveCfg = BuiltWithUnrealBuildTool|Win32
		{C514E47F-C562-4151-BF35-6360390C0F6A}.Development Editor|IOS.ActiveCfg = BuiltWithUnrealBuildTool|Win32
		{C514E47F-C562-4151-BF35-6360390C0F6A}.Development Editor|Win32.ActiveCfg = BuiltWithUnrealBuildTool|Win32
		{C514E47F-C562-4151-BF35-6360390C0F6A}.Development Editor|Win64.ActiveCfg = BuiltWithUnrealBuildTool|Win32
		{C514E47F-C562-4151-BF35-6360390C0F6A}.Development|HTML5.ActiveCfg = BuiltWithUnrealBuildTool|Win32
		{C514E47F-C562-4151-BF35-6360390C0F6A}.Development|IOS.ActiveCfg = BuiltWithUnrealBuildTool|Win32
		{C514E47F-C562-4151-BF35-6360390C0F6A}.Development|Win32.ActiveCfg = BuiltWithUnrealBuildTool|Win32
		{C514E47F-C562-4151-BF35-6360390C0F6A}.Development|Win64.ActiveCfg = BuiltWithUnrealBuildTool|Win32
		{C514E47F-C562-4151-BF35-6360390C0F6A}.Shipping|HTML5.ActiveCfg = BuiltWithUnrealBuildTool|Win32
		{C514E47F-C562-4151-BF35-6360390C0F6A}.Shipping|IOS.ActiveCfg = BuiltWithUnrealBuildTool|Win32
		{C514E47F-C562-4151-BF35-6360390C0F6A}.Shipping|Win32.ActiveCfg = BuiltWithUnrealBuildTool|Win32
		{C514E47F-C562-4151-BF35-6360390C0F6A}.Shipping|Win64.ActiveCfg = BuiltWithUnrealBuildTool|Win32
		{2B772805-A045-4C5C-AD6D-8E67BC617EE5}.DebugGame Editor|HTML5.ActiveCfg = Invalid|Win32
		{2B772805-A045-4C5C-AD6D-8E67BC617EE5}.DebugGame Editor|IOS.ActiveCfg = Invalid|Win32
		{2B772805-A045-4C5C-AD6D-8E67BC617EE5}.DebugGame Editor|Win32.ActiveCfg = Invalid|Win32
		{2B772805-A045-4C5C-AD6D-8E67BC617EE5}.DebugGame Editor|Win64.ActiveCfg = DebugGame_Editor|x64
		{2B772805-A045-4C5C-AD6D-8E67BC617EE5}.DebugGame Editor|Win64.Build.0 = DebugGame_Editor|x64
		{2B772805-A045-4C5C-AD6D-8E67BC617EE5}.DebugGame|HTML5.ActiveCfg = HTML5_DebugGame|Win32
		{2B772805-A045-4C5C-AD6D-8E67BC617EE5}.DebugGame|HTML5.Build.0 = HTML5_DebugGame|Win32
		{2B772805-A045-4C5C-AD6D-8E67BC617EE5}.DebugGame|IOS.ActiveCfg = IOS_DebugGame|Win32
		{2B772805-A045-4C5C-AD6D-8E67BC617EE5}.DebugGame|IOS.Build.0 = IOS_DebugGame|Win32
		{2B772805-A045-4C5C-AD6D-8E67BC617EE5}.DebugGame|Win32.ActiveCfg = DebugGame|Win32
		{2B772805-A045-4C5C-AD6D-8E67BC617EE5}.DebugGame|Win32.Build.0 = DebugGame|Win32
		{2B772805-A045-4C5C-AD6D-8E67BC617EE5}.DebugGame|Win64.ActiveCfg = DebugGame|x64
		{2B772805-A045-4C5C-AD6D-8E67BC617EE5}.DebugGame|Win64.Build.0 = DebugGame|x64
		{2B772805-A045-4C5C-AD6D-8E67BC617EE5}.Development Editor|HTML5.ActiveCfg = Invalid|Win32
		{2B772805-A045-4C5C-AD6D-8E67BC617EE5}.Development Editor|IOS.ActiveCfg = Invalid|Win32
		{2B772805-A045-4C5C-AD6D-8E67BC617EE5}.Development Editor|Win32.ActiveCfg = Invalid|Win32
		{2B772805-A045-4C5C-AD6D-8E67BC617EE5}.Development Editor|Win64.ActiveCfg = Development_Editor|x64
		{2B772805-A045-4C5C-AD6D-8E67BC617EE5}.Development Editor|Win64.Build.0 = Development_Editor|x64
		{2B772805-A045-4C5C-AD6D-8E67BC617EE5}.Development|HTML5.ActiveCfg = HTML5_Development|Win32
		{2B772805-A045-4C5C-AD6D-8E67BC617EE5}.Development|HTML5.Build.0 = HTML5_Development|Win32
		{2B772805-A045-4C5C-AD6D-8E67BC617EE5}.Development|IOS.ActiveCfg = IOS_Development|Win32
		{2B772805-A045-4C5C-AD6D-8E67BC617EE5}.Development|IOS.Build.0 = IOS_Development|Win32
		{2B772805-A045-4C5C-AD6D-8E67BC617EE5}.Development|Win32.ActiveCfg = Development|Win32
		{2B772805-A045-4C5C-AD6D-8E67BC617EE5}.Development|Win32.Build.0 = Development|Win32
		{2B772805-A045-4C5C-AD6D-8E67BC617EE5}.Development|Win64.ActiveCfg = Development|x64
		{2B772805-A045-4C5C-AD6D-8E67BC617EE5}.Development|Win64.Build.0 = Development|x64
		{2B772805-A045-4C5C-AD6D-8E67BC617EE5}.Shipping|HTML5.ActiveCfg = HTML5_Shipping|Win32
		{2B772805-A045-4C5C-AD6D-8E67BC617EE5}.Shipping|HTML5.Build.0 = HTML5_Shipping|Win32
		{2B772805-A045-4C5C-AD6D-8E67BC617EE5}.Shipping|IOS.ActiveCfg = IOS_Shipping|Win32
		{2B772805-A045-4C5C-AD6D-8E67BC617EE5}.Shipping|IOS.Build.0 = IOS_Shipping|Win32
		{2B772805-A045-4C5C-AD6D-8E67BC617EE5}.Shipping|Win32.ActiveCfg = Shipping|Win32
		{2B772805-A045-4C5C-AD6D-8E67BC617EE5}.Shipping|Win32.Build.0 = Shipping|Win32
		{2B772805-A045-4C5C-AD6D-8E67BC617EE5}.Shipping|Win64.ActiveCfg = Shipping|x64
		{2B772805-A045-4C5C-AD6D-8E67BC617EE5}.Shipping|Win64.Build.0 = Shipping|x64
	EndGlobalSection
	GlobalSection(SolutionProperties) = preSolution
		HideSolutionNode = FALSE
	EndGlobalSection
	GlobalSection(NestedProjects) = preSolution
		{C514E47F-C562-4151-BF35-6360390C0F6A} = {2FC71EF0-CD87-43AF-96CB-9DE696A653A0}
		{2B772805-A045-4C5C-AD6D-8E67BC617EE5} = {C1186924-4099-4010-A7D5-F10AD987C317}
	EndGlobalSection
EndGlobal
